{
  "name": "foxstar",
  "lockfileVersion": 3,
  "requires": true,
  "packages": {
    "": {
      "name": "foxstar",
      "dependencies": {
        "@neondatabase/serverless": "^1.0.0"
      },
      "engines": {
        "node": "22.x"
      }
    },
    "node_modules/@neondatabase/serverless": {
      "version": "1.1.0",
      "resolved": "https://registry.npmjs.org/@neondatabase/serverless/-/serverless-1.1.0.tgz",
      "integrity": "sha512-r3ZZhRjEcfEdKIZnoB1RusNgvHuaBRqfCzV4Gi+5A9yUX0S4HTws/ASWqt13wL4y4I+0rqsWGdA2w7EQXHi3+Q==",
      "license": "MIT",
      "engines": {
        "node": ">=19.0.0"
      }
    }
  }
}
